{
  "name": "乘客端",
  "lockfileVersion": 2,
  "requires": true,
  "packages": {
    "": {
      "dependencies": {
        "cncut": "^1.0.2",
        "wl-pinyin": "^1.0.1"
      }
    },
    "node_modules/cncut": {
      "version": "1.0.2",
      "resolved": "https://registry.npmjs.org/cncut/-/cncut-1.0.2.tgz",
      "integrity": "sha512-m2/mf4hE1Ep0APK0oE/hqECdOpwjwzkcktiefjrouFfHGucOkE+XXYNyG14DogL85GNGxKgZAHg3EAfk3okPQA=="
    },
    "node_modules/wl-pinyin": {
      "version": "1.0.1",
      "resolved": "https://registry.npmjs.org/wl-pinyin/-/wl-pinyin-1.0.1.tgz",
      "integrity": "sha512-cn7MSdsJoaC6a4w94OoScCui2OuJhVNOZ/DL0g+6ZHWkDxKvwUQPC5NQiOOsBGql65YTgV5DTZRUzvJ1ATbTOw=="
    }
  },
  "dependencies": {
    "cncut": {
      "version": "1.0.2",
      "resolved": "https://registry.npmjs.org/cncut/-/cncut-1.0.2.tgz",
      "integrity": "sha512-m2/mf4hE1Ep0APK0oE/hqECdOpwjwzkcktiefjrouFfHGucOkE+XXYNyG14DogL85GNGxKgZAHg3EAfk3okPQA=="
    },
    "wl-pinyin": {
      "version": "1.0.1",
      "resolved": "https://registry.npmjs.org/wl-pinyin/-/wl-pinyin-1.0.1.tgz",
      "integrity": "sha512-cn7MSdsJoaC6a4w94OoScCui2OuJhVNOZ/DL0g+6ZHWkDxKvwUQPC5NQiOOsBGql65YTgV5DTZRUzvJ1ATbTOw=="
    }
  }
}
